
Microsoft Visual Studio Solution File, Format Version 12.00
# Visual Studio 15
VisualStudioVersion = 15.0.26124.0
MinimumVisualStudioVersion = 15.0.26124.0
Project("{2150E333-8FDC-42A3-9474-1A3956D46DE8}") = "tests", "tests", "{F2289FCA-1CB0-4169-B4B7-8A738049A5D4}"
EndProject
Project("{FAE04EC0-301F-11D3-BF4B-00C04F79EFBC}") = "Tests", "tests\Tests\Tests.csproj", "{351D0822-54F2-41E5-9D45-22F4CBA4013C}"
EndProject
Project("{FAE04EC0-301F-11D3-BF4B-00C04F79EFBC}") = "Core", "src\Core\Core.csproj", "{DEFD5BCF-E59A-404E-BDA3-655210025034}"
EndProject
Global
	GlobalSection(SolutionConfigurationPlatforms) = preSolution
		Debug|Any CPU = Debug|Any CPU
		Debug|x64 = Debug|x64
		Debug|x86 = Debug|x86
		Release|Any CPU = Release|Any CPU
		Release|x64 = Release|x64
		Release|x86 = Release|x86
	EndGlobalSection
	GlobalSection(SolutionProperties) = preSolution
		HideSolutionNode = FALSE
	EndGlobalSection
	GlobalSection(ProjectConfigurationPlatforms) = postSolution
		{351D0822-54F2-41E5-9D45-22F4CBA4013C}.Debug|Any CPU.ActiveCfg = Debug|Any CPU
		{351D0822-54F2-41E5-9D45-22F4CBA4013C}.Debug|Any CPU.Build.0 = Debug|Any CPU
		{351D0822-54F2-41E5-9D45-22F4CBA4013C}.Debug|x64.ActiveCfg = Debug|Any CPU
		{351D0822-54F2-41E5-9D45-22F4CBA4013C}.Debug|x64.Build.0 = Debug|Any CPU
		{351D0822-54F2-41E5-9D45-22F4CBA4013C}.Debug|x86.ActiveCfg = Debug|Any CPU
		{351D0822-54F2-41E5-9D45-22F4CBA4013C}.Debug|x86.Build.0 = Debug|Any CPU
		{351D0822-54F2-41E5-9D45-22F4CBA4013C}.Release|Any CPU.ActiveCfg = Release|Any CPU
		{351D0822-54F2-41E5-9D45-22F4CBA4013C}.Release|Any CPU.Build.0 = Release|Any CPU
		{351D0822-54F2-41E5-9D45-22F4CBA4013C}.Release|x64.ActiveCfg = Release|Any CPU
		{351D0822-54F2-41E5-9D45-22F4CBA4013C}.Release|x64.Build.0 = Release|Any CPU
		{351D0822-54F2-41E5-9D45-22F4CBA4013C}.Release|x86.ActiveCfg = Release|Any CPU
		{351D0822-54F2-41E5-9D45-22F4CBA4013C}.Release|x86.Build.0 = Release|Any CPU
		{DEFD5BCF-E59A-404E-BDA3-655210025034}.Debug|Any CPU.ActiveCfg = Debug|Any CPU
		{DEFD5BCF-E59A-404E-BDA3-655210025034}.Debug|Any CPU.Build.0 = Debug|Any CPU
		{DEFD5BCF-E59A-404E-BDA3-655210025034}.Debug|x64.ActiveCfg = Debug|Any CPU
		{DEFD5BCF-E59A-404E-BDA3-655210025034}.Debug|x64.Build.0 = Debug|Any CPU
		{DEFD5BCF-E59A-404E-BDA3-655210025034}.Debug|x86.ActiveCfg = Debug|Any CPU
		{DEFD5BCF-E59A-404E-BDA3-655210025034}.Debug|x86.Build.0 = Debug|Any CPU
		{DEFD5BCF-E59A-404E-BDA3-655210025034}.Release|Any CPU.ActiveCfg = Release|Any CPU
		{DEFD5BCF-E59A-404E-BDA3-655210025034}.Release|Any CPU.Build.0 = Release|Any CPU
		{DEFD5BCF-E59A-404E-BDA3-655210025034}.Release|x64.ActiveCfg = Release|Any CPU
		{DEFD5BCF-E59A-404E-BDA3-655210025034}.Release|x64.Build.0 = Release|Any CPU
		{DEFD5BCF-E59A-404E-BDA3-655210025034}.Release|x86.ActiveCfg = Release|Any CPU
		{DEFD5BCF-E59A-404E-BDA3-655210025034}.Release|x86.Build.0 = Release|Any CPU
	EndGlobalSection
	GlobalSection(NestedProjects) = preSolution
		{351D0822-54F2-41E5-9D45-22F4CBA4013C} = {F2289FCA-1CB0-4169-B4B7-8A738049A5D4}
	EndGlobalSection
EndGlobal
